{
  "dependencies": {
    "handlebars": {
      "version": "3.0.0",
      "dependencies": {
        "optimist": {
          "version": "0.6.1",
          "dependencies": {
            "wordwrap": {
              "version": "0.0.2"
            },
            "minimist": {
              "version": "0.0.10"
            }
          }
        },
        "source-map": {
          "version": "0.1.43",
          "dependencies": {
            "amdefine": {
              "version": "0.1.0"
            }
          }
        },
        "uglify-js": {
          "version": "2.3.6",
          "dependencies": {
            "async": {
              "version": "0.2.10"
            },
            "optimist": {
              "version": "0.3.7",
              "dependencies": {
                "wordwrap": {
                  "version": "0.0.2"
                }
              }
            }
          }
        }
      }
    }
  }
}
